
Microsoft Visual Studio Solution File, Format Version 12.00
# Visual Studio Version 17
VisualStudioVersion = 17.1.32210.238
MinimumVisualStudioVersion = 10.0.40219.1
Project("{9A19103F-16F7-4668-BE54-9A1E7A4F7556}") = "WebDeveloperDataLayer", "WebDeveloperDataLayer\WebDeveloperDataLayer.csproj", "{52D3A3AB-7425-4867-8B63-C1E61EDDA751}"
EndProject
Project("{FAE04EC0-301F-11D3-BF4B-00C04F79EFBC}") = "WebDeveloperVC", "WebDeveloperVC\WebDeveloperVC.csproj", "{D2F960A9-399F-4963-98C9-98968D8D5895}"
EndProject
Global
	GlobalSection(SolutionConfigurationPlatforms) = preSolution
		Debug|Any CPU = Debug|Any CPU
		Release|Any CPU = Release|Any CPU
	EndGlobalSection
	GlobalSection(ProjectConfigurationPlatforms) = postSolution
		{52D3A3AB-7425-4867-8B63-C1E61EDDA751}.Debug|Any CPU.ActiveCfg = Debug|Any CPU
		{52D3A3AB-7425-4867-8B63-C1E61EDDA751}.Debug|Any CPU.Build.0 = Debug|Any CPU
		{52D3A3AB-7425-4867-8B63-C1E61EDDA751}.Release|Any CPU.ActiveCfg = Release|Any CPU
		{52D3A3AB-7425-4867-8B63-C1E61EDDA751}.Release|Any CPU.Build.0 = Release|Any CPU
		{D2F960A9-399F-4963-98C9-98968D8D5895}.Debug|Any CPU.ActiveCfg = Debug|Any CPU
		{D2F960A9-399F-4963-98C9-98968D8D5895}.Debug|Any CPU.Build.0 = Debug|Any CPU
		{D2F960A9-399F-4963-98C9-98968D8D5895}.Release|Any CPU.ActiveCfg = Release|Any CPU
		{D2F960A9-399F-4963-98C9-98968D8D5895}.Release|Any CPU.Build.0 = Release|Any CPU
	EndGlobalSection
	GlobalSection(SolutionProperties) = preSolution
		HideSolutionNode = FALSE
	EndGlobalSection
	GlobalSection(ExtensibilityGlobals) = postSolution
		SolutionGuid = {695692FF-C4C5-4E30-A95A-52FA69D4972B}
	EndGlobalSection
EndGlobal
